
Microsoft Visual Studio Solution File, Format Version 12.00
# Visual Studio Version 16
VisualStudioVersion = 16.0.29306.81
MinimumVisualStudioVersion = 10.0.40219.1
Project("{FAE04EC0-301F-11D3-BF4B-00C04F79EFBC}") = "WindowsFormsApp3", "WindowsFormsApp3\WindowsFormsApp3.csproj", "{2747F8F7-5CF4-4FF6-8E28-B7D364D19FE8}"
EndProject
Global
	GlobalSection(SolutionConfigurationPlatforms) = preSolution
		Debug|Any CPU = Debug|Any CPU
		Release|Any CPU = Release|Any CPU
	EndGlobalSection
	GlobalSection(ProjectConfigurationPlatforms) = postSolution
		{2747F8F7-5CF4-4FF6-8E28-B7D364D19FE8}.Debug|Any CPU.ActiveCfg = Debug|Any CPU
		{2747F8F7-5CF4-4FF6-8E28-B7D364D19FE8}.Debug|Any CPU.Build.0 = Debug|Any CPU
		{2747F8F7-5CF4-4FF6-8E28-B7D364D19FE8}.Release|Any CPU.ActiveCfg = Release|Any CPU
		{2747F8F7-5CF4-4FF6-8E28-B7D364D19FE8}.Release|Any CPU.Build.0 = Release|Any CPU
	EndGlobalSection
	GlobalSection(SolutionProperties) = preSolution
		HideSolutionNode = FALSE
	EndGlobalSection
	GlobalSection(ExtensibilityGlobals) = postSolution
		SolutionGuid = {F0A079D0-6F12-4A02-B709-D1FB47B685E6}
	EndGlobalSection
EndGlobal
